
Microsoft Visual Studio Solution File, Format Version 12.00
# Visual Studio Version 17
VisualStudioVersion = 17.0.31912.275
MinimumVisualStudioVersion = 10.0.40219.1
Project("{FAE04EC0-301F-11D3-BF4B-00C04F79EFBC}") = "okr2", "okr2\okr2.csproj", "{981714F3-CD45-414E-A307-F933D2F450CD}"
EndProject
Global
	GlobalSection(SolutionConfigurationPlatforms) = preSolution
		Debug|Any CPU = Debug|Any CPU
		Release|Any CPU = Release|Any CPU
	EndGlobalSection
	GlobalSection(ProjectConfigurationPlatforms) = postSolution
		{981714F3-CD45-414E-A307-F933D2F450CD}.Debug|Any CPU.ActiveCfg = Debug|Any CPU
		{981714F3-CD45-414E-A307-F933D2F450CD}.Debug|Any CPU.Build.0 = Debug|Any CPU
		{981714F3-CD45-414E-A307-F933D2F450CD}.Release|Any CPU.ActiveCfg = Release|Any CPU
		{981714F3-CD45-414E-A307-F933D2F450CD}.Release|Any CPU.Build.0 = Release|Any CPU
	EndGlobalSection
	GlobalSection(SolutionProperties) = preSolution
		HideSolutionNode = FALSE
	EndGlobalSection
	GlobalSection(ExtensibilityGlobals) = postSolution
		SolutionGuid = {79CFA64B-C26E-4B29-AB89-A53DB94B83A7}
	EndGlobalSection
EndGlobal
