
Microsoft Visual Studio Solution File, Format Version 12.00
# Visual Studio Version 16
VisualStudioVersion = 16.0.30907.101
MinimumVisualStudioVersion = 10.0.40219.1
Project("{FAE04EC0-301F-11D3-BF4B-00C04F79EFBC}") = "upprakt1", "upprakt1\upprakt1.csproj", "{AFBFEF20-FDDC-4F50-B01B-5884502A9FCC}"
EndProject
Global
	GlobalSection(SolutionConfigurationPlatforms) = preSolution
		Debug|Any CPU = Debug|Any CPU
		Release|Any CPU = Release|Any CPU
	EndGlobalSection
	GlobalSection(ProjectConfigurationPlatforms) = postSolution
		{AFBFEF20-FDDC-4F50-B01B-5884502A9FCC}.Debug|Any CPU.ActiveCfg = Debug|Any CPU
		{AFBFEF20-FDDC-4F50-B01B-5884502A9FCC}.Debug|Any CPU.Build.0 = Debug|Any CPU
		{AFBFEF20-FDDC-4F50-B01B-5884502A9FCC}.Release|Any CPU.ActiveCfg = Release|Any CPU
		{AFBFEF20-FDDC-4F50-B01B-5884502A9FCC}.Release|Any CPU.Build.0 = Release|Any CPU
	EndGlobalSection
	GlobalSection(SolutionProperties) = preSolution
		HideSolutionNode = FALSE
	EndGlobalSection
	GlobalSection(ExtensibilityGlobals) = postSolution
		SolutionGuid = {D878E611-A44D-450E-9AF7-C145B0642ACE}
	EndGlobalSection
EndGlobal
