
Microsoft Visual Studio Solution File, Format Version 12.00
# Visual Studio Version 16
VisualStudioVersion = 16.0.30907.101
MinimumVisualStudioVersion = 10.0.40219.1
Project("{FAE04EC0-301F-11D3-BF4B-00C04F79EFBC}") = "upstroki", "upstroki\upstroki.csproj", "{6F7E563F-777B-4A14-9B21-F4462DAB9460}"
EndProject
Global
	GlobalSection(SolutionConfigurationPlatforms) = preSolution
		Debug|Any CPU = Debug|Any CPU
		Release|Any CPU = Release|Any CPU
	EndGlobalSection
	GlobalSection(ProjectConfigurationPlatforms) = postSolution
		{6F7E563F-777B-4A14-9B21-F4462DAB9460}.Debug|Any CPU.ActiveCfg = Debug|Any CPU
		{6F7E563F-777B-4A14-9B21-F4462DAB9460}.Debug|Any CPU.Build.0 = Debug|Any CPU
		{6F7E563F-777B-4A14-9B21-F4462DAB9460}.Release|Any CPU.ActiveCfg = Release|Any CPU
		{6F7E563F-777B-4A14-9B21-F4462DAB9460}.Release|Any CPU.Build.0 = Release|Any CPU
	EndGlobalSection
	GlobalSection(SolutionProperties) = preSolution
		HideSolutionNode = FALSE
	EndGlobalSection
	GlobalSection(ExtensibilityGlobals) = postSolution
		SolutionGuid = {E3A5C6F9-DF7B-4B1C-880D-1C41F418EFB8}
	EndGlobalSection
EndGlobal
