
Microsoft Visual Studio Solution File, Format Version 12.00
# Visual Studio Version 16
VisualStudioVersion = 16.0.30907.101
MinimumVisualStudioVersion = 10.0.40219.1
Project("{FAE04EC0-301F-11D3-BF4B-00C04F79EFBC}") = "lab5", "lab5\lab5.csproj", "{AB6338E1-151F-4BD2-9EBB-72996D95B38C}"
EndProject
Global
	GlobalSection(SolutionConfigurationPlatforms) = preSolution
		Debug|Any CPU = Debug|Any CPU
		Release|Any CPU = Release|Any CPU
	EndGlobalSection
	GlobalSection(ProjectConfigurationPlatforms) = postSolution
		{AB6338E1-151F-4BD2-9EBB-72996D95B38C}.Debug|Any CPU.ActiveCfg = Debug|Any CPU
		{AB6338E1-151F-4BD2-9EBB-72996D95B38C}.Debug|Any CPU.Build.0 = Debug|Any CPU
		{AB6338E1-151F-4BD2-9EBB-72996D95B38C}.Release|Any CPU.ActiveCfg = Release|Any CPU
		{AB6338E1-151F-4BD2-9EBB-72996D95B38C}.Release|Any CPU.Build.0 = Release|Any CPU
	EndGlobalSection
	GlobalSection(SolutionProperties) = preSolution
		HideSolutionNode = FALSE
	EndGlobalSection
	GlobalSection(ExtensibilityGlobals) = postSolution
		SolutionGuid = {A0D70C01-4506-4419-A1AB-7987E80543F2}
	EndGlobalSection
EndGlobal
