
Microsoft Visual Studio Solution File, Format Version 12.00
# Visual Studio Version 17
VisualStudioVersion = 17.0.31912.275
MinimumVisualStudioVersion = 10.0.40219.1
Project("{FAE04EC0-301F-11D3-BF4B-00C04F79EFBC}") = "linq", "linq\linq.csproj", "{ABB1C647-71B5-438B-A5A6-EDBE284CB64D}"
EndProject
Global
	GlobalSection(SolutionConfigurationPlatforms) = preSolution
		Debug|Any CPU = Debug|Any CPU
		Release|Any CPU = Release|Any CPU
	EndGlobalSection
	GlobalSection(ProjectConfigurationPlatforms) = postSolution
		{ABB1C647-71B5-438B-A5A6-EDBE284CB64D}.Debug|Any CPU.ActiveCfg = Debug|Any CPU
		{ABB1C647-71B5-438B-A5A6-EDBE284CB64D}.Debug|Any CPU.Build.0 = Debug|Any CPU
		{ABB1C647-71B5-438B-A5A6-EDBE284CB64D}.Release|Any CPU.ActiveCfg = Release|Any CPU
		{ABB1C647-71B5-438B-A5A6-EDBE284CB64D}.Release|Any CPU.Build.0 = Release|Any CPU
	EndGlobalSection
	GlobalSection(SolutionProperties) = preSolution
		HideSolutionNode = FALSE
	EndGlobalSection
	GlobalSection(ExtensibilityGlobals) = postSolution
		SolutionGuid = {66C7654F-27FE-4C4B-9A23-913C5B5FC2B1}
	EndGlobalSection
EndGlobal
