
Microsoft Visual Studio Solution File, Format Version 12.00
# Visual Studio Version 17
VisualStudioVersion = 17.0.31912.275
MinimumVisualStudioVersion = 10.0.40219.1
Project("{9A19103F-16F7-4668-BE54-9A1E7A4F7556}") = "z1", "upObobweniya\z1.csproj", "{B68683EA-A5BB-467F-86CC-A3E2042471C4}"
EndProject
Project("{9A19103F-16F7-4668-BE54-9A1E7A4F7556}") = "z2", "z2\z2.csproj", "{89EF8F1B-CAFA-4FA7-A2D9-197A4268A573}"
EndProject
Global
	GlobalSection(SolutionConfigurationPlatforms) = preSolution
		Debug|Any CPU = Debug|Any CPU
		Release|Any CPU = Release|Any CPU
	EndGlobalSection
	GlobalSection(ProjectConfigurationPlatforms) = postSolution
		{B68683EA-A5BB-467F-86CC-A3E2042471C4}.Debug|Any CPU.ActiveCfg = Debug|Any CPU
		{B68683EA-A5BB-467F-86CC-A3E2042471C4}.Debug|Any CPU.Build.0 = Debug|Any CPU
		{B68683EA-A5BB-467F-86CC-A3E2042471C4}.Release|Any CPU.ActiveCfg = Release|Any CPU
		{B68683EA-A5BB-467F-86CC-A3E2042471C4}.Release|Any CPU.Build.0 = Release|Any CPU
		{89EF8F1B-CAFA-4FA7-A2D9-197A4268A573}.Debug|Any CPU.ActiveCfg = Debug|Any CPU
		{89EF8F1B-CAFA-4FA7-A2D9-197A4268A573}.Debug|Any CPU.Build.0 = Debug|Any CPU
		{89EF8F1B-CAFA-4FA7-A2D9-197A4268A573}.Release|Any CPU.ActiveCfg = Release|Any CPU
		{89EF8F1B-CAFA-4FA7-A2D9-197A4268A573}.Release|Any CPU.Build.0 = Release|Any CPU
	EndGlobalSection
	GlobalSection(SolutionProperties) = preSolution
		HideSolutionNode = FALSE
	EndGlobalSection
	GlobalSection(ExtensibilityGlobals) = postSolution
		SolutionGuid = {0B9BD492-34E8-4BA3-BEB0-1C47E4949ACA}
	EndGlobalSection
EndGlobal
